<?xml version="1.0" encoding="utf-8"?>
<Project ToolsVersion="4.0" xmlns="http://schemas.microsoft.com/developer/msbuild/2003">
  <ItemGroup>
    <None Include="ReadMe.txt" />
  </ItemGroup>
  <ItemGroup>
    <Filter Include="include">
      <UniqueIdentifier>{b617792b-47f1-479f-bf32-cc74fc81efdf}</UniqueIdentifier>
    </Filter>
    <Filter Include="src">
      <UniqueIdentifier>{2e0366df-0617-4a8e-a179-49ec285611b3}</UniqueIdentifier>
    </Filter>
  </ItemGroup>
  <ItemGroup>
    <ClInclude Include="include\constants.h">
      <Filter>include</Filter>
    </ClInclude>
    <ClInclude Include="include\error.h">
      <Filter>include</Filter>
    </ClInclude>
    <ClInclude Include="include\functions.h">
      <Filter>include</Filter>
    </ClInclude>
    <ClInclude Include="include\parser.h">
      <Filter>include</Filter>
    </ClInclude>
    <ClInclude Include="include\variablelist.h">
      <Filter>include</Filter>
    </ClInclude>
  </ItemGroup>
  <ItemGroup>
    <ClCompile Include="src\error.cpp">
      <Filter>src</Filter>
    </ClCompile>
    <ClCompile Include="src\functions.cpp">
      <Filter>src</Filter>
    </ClCompile>
    <ClCompile Include="src\parser.cpp">
      <Filter>src</Filter>
    </ClCompile>
    <ClCompile Include="src\variablelist.cpp">
      <Filter>src</Filter>
    </ClCompile>
  </ItemGroup>
</Project>